// !$*UTF8*$!
{
	archiveVersion = 1;
	classes = {
	};
	objectVersion = 77;
	objects = {

/* Begin PBXBuildFile section */
		0B71EA1C35F8D814C4FAFDDA /* RealtimeSyncService.swift in Sources */ = {isa = PBXBuildFile; fileRef = 61BABD3C7C755736865989E6 /* RealtimeSyncService.swift */; };
		10401A5CBAD478E0809B5F2D /* LocationPoint.swift in Sources */ = {isa = PBXBuildFile; fileRef = BD7C4BA5A75517C3DE20DEBE /* LocationPoint.swift */; };
		1E59E45A89B711F859F3DFE5 /* LoveTrackApp.swift in Sources */ = {isa = PBXBuildFile; fileRef = 0FB47A3867982204AD755A1A /* LoveTrackApp.swift */; };
		20292F512D9B50FAA4E39C04 /* TrackSegment.swift in Sources */ = {isa = PBXBuildFile; fileRef = 0202C3F36ABC9A19E8740C32 /* TrackSegment.swift */; };
		40B6E8ED36E8F01F9E59C5D4 /* BackgroundKeepAlive.swift in Sources */ = {isa = PBXBuildFile; fileRef = 6ABE9F54A16143DF984C109F /* BackgroundKeepAlive.swift */; };
		432C6B68388840851A73E96D /* TrackPlaybackView.swift in Sources */ = {isa = PBXBuildFile; fileRef = 49E96C50FC8FDCF32F32F905 /* TrackPlaybackView.swift */; };
		4839D646B5C2F897E13C2FAF /* User.swift in Sources */ = {isa = PBXBuildFile; fileRef = 42116C2688BFED53482EFE47 /* User.swift */; };
		562FAEE839E6FDB744976EA7 /* MapView.swift in Sources */ = {isa = PBXBuildFile; fileRef = 7C2F94B07D1AE21249AFE60D /* MapView.swift */; };
		5F9A3FB09B20F581FBC8DFBE /* PairScreen.swift in Sources */ = {isa = PBXBuildFile; fileRef = CF1A5BE1D43C62A5035A69AB /* PairScreen.swift */; };
		6D375B9DF8A7C34033B76CF1 /* HTTPRealtimeSyncService.swift in Sources */ = {isa = PBXBuildFile; fileRef = 6AF732A740A5765AF48ED449 /* HTTPRealtimeSyncService.swift */; };
		741812B6C0BBF8B02D94746E /* Relationship.swift in Sources */ = {isa = PBXBuildFile; fileRef = 2E45E50BEA0363BF457C3ADD /* Relationship.swift */; };
		D916CCDC2F4D0FDFB70E0C48 /* RelationshipStore.swift in Sources */ = {isa = PBXBuildFile; fileRef = 9E58C3CC1B9D6355C67A09D4 /* RelationshipStore.swift */; };
		ECF6178BE0E414559F01D207 /* LocationManager.swift in Sources */ = {isa = PBXBuildFile; fileRef = 3F24C9BE55E41D520BF8CE96 /* LocationManager.swift */; };
		F1E4C98790A547234EF70FBE /* BackendConfig.swift in Sources */ = {isa = PBXBuildFile; fileRef = 70494358B4F87A7B6A38A1F9 /* BackendConfig.swift */; };
/* End PBXBuildFile section */

/* Begin PBXFileReference section */
		0202C3F36ABC9A19E8740C32 /* TrackSegment.swift */ = {isa = PBXFileReference; lastKnownFileType = sourcecode.swift; path = TrackSegment.swift; sourceTree = "<group>"; };
		0FB47A3867982204AD755A1A /* LoveTrackApp.swift */ = {isa = PBXFileReference; lastKnownFileType = sourcecode.swift; path = LoveTrackApp.swift; sourceTree = "<group>"; };
		2E45E50BEA0363BF457C3ADD /* Relationship.swift */ = {isa = PBXFileReference; lastKnownFileType = sourcecode.swift; path = Relationship.swift; sourceTree = "<group>"; };
		3F24C9BE55E41D520BF8CE96 /* LocationManager.swift */ = {isa = PBXFileReference; lastKnownFileType = sourcecode.swift; path = LocationManager.swift; sourceTree = "<group>"; };
		42116C2688BFED53482EFE47 /* User.swift */ = {isa = PBXFileReference; lastKnownFileType = sourcecode.swift; path = User.swift; sourceTree = "<group>"; };
		49E96C50FC8FDCF32F32F905 /* TrackPlaybackView.swift */ = {isa = PBXFileReference; lastKnownFileType = sourcecode.swift; path = TrackPlaybackView.swift; sourceTree = "<group>"; };
		5F60B0412AB3C93FCF06AF76 /* LoveTrack.app */ = {isa = PBXFileReference; explicitFileType = wrapper.application; includeInIndex = 0; path = LoveTrack.app; sourceTree = BUILT_PRODUCTS_DIR; };
		61BABD3C7C755736865989E6 /* RealtimeSyncService.swift */ = {isa = PBXFileReference; lastKnownFileType = sourcecode.swift; path = RealtimeSyncService.swift; sourceTree = "<group>"; };
		6ABE9F54A16143DF984C109F /* BackgroundKeepAlive.swift */ = {isa = PBXFileReference; lastKnownFileType = sourcecode.swift; path = BackgroundKeepAlive.swift; sourceTree = "<group>"; };
		6AF732A740A5765AF48ED449 /* HTTPRealtimeSyncService.swift */ = {isa = PBXFileReference; lastKnownFileType = sourcecode.swift; path = HTTPRealtimeSyncService.swift; sourceTree = "<group>"; };
		70494358B4F87A7B6A38A1F9 /* BackendConfig.swift */ = {isa = PBXFileReference; lastKnownFileType = sourcecode.swift; path = BackendConfig.swift; sourceTree = "<group>"; };
		7C2F94B07D1AE21249AFE60D /* MapView.swift */ = {isa = PBXFileReference; lastKnownFileType = sourcecode.swift; path = MapView.swift; sourceTree = "<group>"; };
		9E58C3CC1B9D6355C67A09D4 /* RelationshipStore.swift */ = {isa = PBXFileReference; lastKnownFileType = sourcecode.swift; path = RelationshipStore.swift; sourceTree = "<group>"; };
		BD7C4BA5A75517C3DE20DEBE /* LocationPoint.swift */ = {isa = PBXFileReference; lastKnownFileType = sourcecode.swift; path = LocationPoint.swift; sourceTree = "<group>"; };
		CF1A5BE1D43C62A5035A69AB /* PairScreen.swift */ = {isa = PBXFileReference; lastKnownFileType = sourcecode.swift; path = PairScreen.swift; sourceTree = "<group>"; };
/* End PBXFileReference section */

/* Begin PBXGroup section */
		1170EEA39CD31CBB6E251809 /* Models */ = {
			isa = PBXGroup;
			children = (
				BD7C4BA5A75517C3DE20DEBE /* LocationPoint.swift */,
				2E45E50BEA0363BF457C3ADD /* Relationship.swift */,
				0202C3F36ABC9A19E8740C32 /* TrackSegment.swift */,
				42116C2688BFED53482EFE47 /* User.swift */,
			);
			path = Models;
			sourceTree = "<group>";
		};
		16D4DBFC2A6F784C9786752A /* Products */ = {
			isa = PBXGroup;
			children = (
				5F60B0412AB3C93FCF06AF76 /* LoveTrack.app */,
			);
			name = Products;
			sourceTree = "<group>";
		};
		22496CAC90243E7A898386B4 /* Map */ = {
			isa = PBXGroup;
			children = (
				7C2F94B07D1AE21249AFE60D /* MapView.swift */,
				49E96C50FC8FDCF32F32F905 /* TrackPlaybackView.swift */,
			);
			path = Map;
			sourceTree = "<group>";
		};
		252F6D537FAB64A8AB78B8D7 /* Location */ = {
			isa = PBXGroup;
			children = (
				6ABE9F54A16143DF984C109F /* BackgroundKeepAlive.swift */,
				3F24C9BE55E41D520BF8CE96 /* LocationManager.swift */,
			);
			path = Location;
			sourceTree = "<group>";
		};
		5FDB1AC03BCE88C079063589 /* Network */ = {
			isa = PBXGroup;
			children = (
				70494358B4F87A7B6A38A1F9 /* BackendConfig.swift */,
				6AF732A740A5765AF48ED449 /* HTTPRealtimeSyncService.swift */,
				61BABD3C7C755736865989E6 /* RealtimeSyncService.swift */,
			);
			path = Network;
			sourceTree = "<group>";
		};
		6350AF5BC65EA2818C738FC5 /* Relationship */ = {
			isa = PBXGroup;
			children = (
				9E58C3CC1B9D6355C67A09D4 /* RelationshipStore.swift */,
			);
			path = Relationship;
			sourceTree = "<group>";
		};
		8C886B40513AFE79DB44E140 = {
			isa = PBXGroup;
			children = (
				9BFB4353177E8820666DC761 /* App */,
				252F6D537FAB64A8AB78B8D7 /* Location */,
				22496CAC90243E7A898386B4 /* Map */,
				1170EEA39CD31CBB6E251809 /* Models */,
				5FDB1AC03BCE88C079063589 /* Network */,
				6350AF5BC65EA2818C738FC5 /* Relationship */,
				16D4DBFC2A6F784C9786752A /* Products */,
			);
			sourceTree = "<group>";
		};
		9BFB4353177E8820666DC761 /* App */ = {
			isa = PBXGroup;
			children = (
				0FB47A3867982204AD755A1A /* LoveTrackApp.swift */,
				CF1A5BE1D43C62A5035A69AB /* PairScreen.swift */,
			);
			path = App;
			sourceTree = "<group>";
		};
/* End PBXGroup section */

/* Begin PBXNativeTarget section */
		9E31ED3765AA754F046866E3 /* LoveTrack */ = {
			isa = PBXNativeTarget;
			buildConfigurationList = 796BDBC9375EE566BE49FE91 /* Build configuration list for PBXNativeTarget "LoveTrack" */;
			buildPhases = (
				7F0D6B4332AAE895B5C9C7A8 /* Sources */,
			);
			buildRules = (
			);
			dependencies = (
			);
			name = LoveTrack;
			packageProductDependencies = (
			);
			productName = LoveTrack;
			productReference = 5F60B0412AB3C93FCF06AF76 /* LoveTrack.app */;
			productType = "com.apple.product-type.application";
		};
/* End PBXNativeTarget section */

/* Begin PBXProject section */
		21862D02096F5A74D628AEA9 /* Project object */ = {
			isa = PBXProject;
			attributes = {
				BuildIndependentTargetsInParallel = YES;
				LastUpgradeCheck = 1430;
				TargetAttributes = {
					9E31ED3765AA754F046866E3 = {
						ProvisioningStyle = Automatic;
					};
				};
			};
			buildConfigurationList = A4986B8471527BD26855167F /* Build configuration list for PBXProject "LoveTrack" */;
			developmentRegion = en;
			hasScannedForEncodings = 0;
			knownRegions = (
				Base,
				en,
			);
			mainGroup = 8C886B40513AFE79DB44E140;
			minimizedProjectReferenceProxies = 1;
			preferredProjectObjectVersion = 77;
			productRefGroup = 16D4DBFC2A6F784C9786752A /* Products */;
			projectDirPath = "";
			projectRoot = "";
			targets = (
				9E31ED3765AA754F046866E3 /* LoveTrack */,
			);
		};
/* End PBXProject section */

/* Begin PBXSourcesBuildPhase section */
		7F0D6B4332AAE895B5C9C7A8 /* Sources */ = {
			isa = PBXSourcesBuildPhase;
			buildActionMask = 2147483647;
			files = (
				F1E4C98790A547234EF70FBE /* BackendConfig.swift in Sources */,
				40B6E8ED36E8F01F9E59C5D4 /* BackgroundKeepAlive.swift in Sources */,
				6D375B9DF8A7C34033B76CF1 /* HTTPRealtimeSyncService.swift in Sources */,
				ECF6178BE0E414559F01D207 /* LocationManager.swift in Sources */,
				10401A5CBAD478E0809B5F2D /* LocationPoint.swift in Sources */,
				1E59E45A89B711F859F3DFE5 /* LoveTrackApp.swift in Sources */,
				562FAEE839E6FDB744976EA7 /* MapView.swift in Sources */,
				5F9A3FB09B20F581FBC8DFBE /* PairScreen.swift in Sources */,
				0B71EA1C35F8D814C4FAFDDA /* RealtimeSyncService.swift in Sources */,
				741812B6C0BBF8B02D94746E /* Relationship.swift in Sources */,
				D916CCDC2F4D0FDFB70E0C48 /* RelationshipStore.swift in Sources */,
				432C6B68388840851A73E96D /* TrackPlaybackView.swift in Sources */,
				20292F512D9B50FAA4E39C04 /* TrackSegment.swift in Sources */,
				4839D646B5C2F897E13C2FAF /* User.swift in Sources */,
			);
			runOnlyForDeploymentPostprocessing = 0;
		};
/* End PBXSourcesBuildPhase section */

/* Begin XCBuildConfiguration section */
		06C47BC201E29B26C7188934 /* Release */ = {
			isa = XCBuildConfiguration;
			buildSettings = {
				ASSETCATALOG_COMPILER_APPICON_NAME = AppIcon;
				CODE_SIGNING_ALLOWED = YES;
				CODE_SIGNING_REQUIRED = YES;
				CODE_SIGN_IDENTITY = "iPhone Developer";
				CODE_SIGN_STYLE = Automatic;
				DEVELOPMENT_TEAM = 2CG772X26Z;
				INFOPLIST_FILE = Info.plist;
				IPHONEOS_DEPLOYMENT_TARGET = 16.0;
				LD_RUNPATH_SEARCH_PATHS = (
					"$(inherited)",
					"@executable_path/Frameworks",
				);
				PRODUCT_BUNDLE_IDENTIFIER = com.lovetrack.app;
				SDKROOT = iphoneos;
				SUPPORTS_MACCATALYST = NO;
				TARGETED_DEVICE_FAMILY = 1;
			};
			name = Release;
		};
		49B5A73620A9F3544D0639A8 /* Debug */ = {
			isa = XCBuildConfiguration;
			buildSettings = {
				ALWAYS_SEARCH_USER_PATHS = NO;
				CLANG_ANALYZER_NONNULL = YES;
				CLANG_ANALYZER_NUMBER_OBJECT_CONVERSION = YES_AGGRESSIVE;
				CLANG_CXX_LANGUAGE_STANDARD = "gnu++14";
				CLANG_CXX_LIBRARY = "libc++";
				CLANG_ENABLE_MODULES = YES;
				CLANG_ENABLE_OBJC_ARC = YES;
				CLANG_ENABLE_OBJC_WEAK = YES;
				CLANG_WARN_BLOCK_CAPTURE_AUTORELEASING = YES;
				CLANG_WARN_BOOL_CONVERSION = YES;
				CLANG_WARN_COMMA = YES;
				CLANG_WARN_CONSTANT_CONVERSION = YES;
				CLANG_WARN_DEPRECATED_OBJC_IMPLEMENTATIONS = YES;
				CLANG_WARN_DIRECT_OBJC_ISA_USAGE = YES_ERROR;
				CLANG_WARN_DOCUMENTATION_COMMENTS = YES;
				CLANG_WARN_EMPTY_BODY = YES;
				CLANG_WARN_ENUM_CONVERSION = YES;
				CLANG_WARN_INFINITE_RECURSION = YES;
				CLANG_WARN_INT_CONVERSION = YES;
				CLANG_WARN_NON_LITERAL_NULL_CONVERSION = YES;
				CLANG_WARN_OBJC_IMPLICIT_RETAIN_SELF = YES;
				CLANG_WARN_OBJC_LITERAL_CONVERSION = YES;
				CLANG_WARN_OBJC_ROOT_CLASS = YES_ERROR;
				CLANG_WARN_QUOTED_INCLUDE_IN_FRAMEWORK_HEADER = YES;
				CLANG_WARN_RANGE_LOOP_ANALYSIS = YES;
				CLANG_WARN_STRICT_PROTOTYPES = YES;
				CLANG_WARN_SUSPICIOUS_MOVE = YES;
				CLANG_WARN_UNGUARDED_AVAILABILITY = YES_AGGRESSIVE;
				CLANG_WARN_UNREACHABLE_CODE = YES;
				CLANG_WARN__DUPLICATE_METHOD_MATCH = YES;
				COPY_PHASE_STRIP = NO;
				DEBUG_INFORMATION_FORMAT = dwarf;
				ENABLE_STRICT_OBJC_MSGSEND = YES;
				ENABLE_TESTABILITY = YES;
				ENABLE_USER_SCRIPT_SANDBOXING = NO;
				GCC_C_LANGUAGE_STANDARD = gnu11;
				GCC_DYNAMIC_NO_PIC = NO;
				GCC_NO_COMMON_BLOCKS = YES;
				GCC_OPTIMIZATION_LEVEL = 0;
				GCC_PREPROCESSOR_DEFINITIONS = (
					"$(inherited)",
					"DEBUG=1",
				);
				GCC_WARN_64_TO_32_BIT_CONVERSION = YES;
				GCC_WARN_ABOUT_RETURN_TYPE = YES_ERROR;
				GCC_WARN_UNDECLARED_SELECTOR = YES;
				GCC_WARN_UNINITIALIZED_AUTOS = YES_AGGRESSIVE;
				GCC_WARN_UNUSED_FUNCTION = YES;
				GCC_WARN_UNUSED_VARIABLE = YES;
				IPHONEOS_DEPLOYMENT_TARGET = 16.0;
				MTL_ENABLE_DEBUG_INFO = INCLUDE_SOURCE;
				MTL_FAST_MATH = YES;
				ONLY_ACTIVE_ARCH = YES;
				PRODUCT_NAME = "$(TARGET_NAME)";
				SDKROOT = iphoneos;
				SWIFT_ACTIVE_COMPILATION_CONDITIONS = DEBUG;
				SWIFT_OPTIMIZATION_LEVEL = "-Onone";
				SWIFT_STRICT_CONCURRENCY = minimal;
				SWIFT_VERSION = 5.9;
			};
			name = Debug;
		};
		865D61AC327CF81E549D391F /* Release */ = {
			isa = XCBuildConfiguration;
			buildSettings = {
				ALWAYS_SEARCH_USER_PATHS = NO;
				CLANG_ANALYZER_NONNULL = YES;
				CLANG_ANALYZER_NUMBER_OBJECT_CONVERSION = YES_AGGRESSIVE;
				CLANG_CXX_LANGUAGE_STANDARD = "gnu++14";
				CLANG_CXX_LIBRARY = "libc++";
				CLANG_ENABLE_MODULES = YES;
				CLANG_ENABLE_OBJC_ARC = YES;
				CLANG_ENABLE_OBJC_WEAK = YES;
				CLANG_WARN_BLOCK_CAPTURE_AUTORELEASING = YES;
				CLANG_WARN_BOOL_CONVERSION = YES;
				CLANG_WARN_COMMA = YES;
				CLANG_WARN_CONSTANT_CONVERSION = YES;
				CLANG_WARN_DEPRECATED_OBJC_IMPLEMENTATIONS = YES;
				CLANG_WARN_DIRECT_OBJC_ISA_USAGE = YES_ERROR;
				CLANG_WARN_DOCUMENTATION_COMMENTS = YES;
				CLANG_WARN_EMPTY_BODY = YES;
				CLANG_WARN_ENUM_CONVERSION = YES;
				CLANG_WARN_INFINITE_RECURSION = YES;
				CLANG_WARN_INT_CONVERSION = YES;
				CLANG_WARN_NON_LITERAL_NULL_CONVERSION = YES;
				CLANG_WARN_OBJC_IMPLICIT_RETAIN_SELF = YES;
				CLANG_WARN_OBJC_LITERAL_CONVERSION = YES;
				CLANG_WARN_OBJC_ROOT_CLASS = YES_ERROR;
				CLANG_WARN_QUOTED_INCLUDE_IN_FRAMEWORK_HEADER = YES;
				CLANG_WARN_RANGE_LOOP_ANALYSIS = YES;
				CLANG_WARN_STRICT_PROTOTYPES = YES;
				CLANG_WARN_SUSPICIOUS_MOVE = YES;
				CLANG_WARN_UNGUARDED_AVAILABILITY = YES_AGGRESSIVE;
				CLANG_WARN_UNREACHABLE_CODE = YES;
				CLANG_WARN__DUPLICATE_METHOD_MATCH = YES;
				COPY_PHASE_STRIP = NO;
				DEBUG_INFORMATION_FORMAT = "dwarf-with-dsym";
				ENABLE_NS_ASSERTIONS = NO;
				ENABLE_STRICT_OBJC_MSGSEND = YES;
				ENABLE_USER_SCRIPT_SANDBOXING = NO;
				GCC_C_LANGUAGE_STANDARD = gnu11;
				GCC_NO_COMMON_BLOCKS = YES;
				GCC_WARN_64_TO_32_BIT_CONVERSION = YES;
				GCC_WARN_ABOUT_RETURN_TYPE = YES_ERROR;
				GCC_WARN_UNDECLARED_SELECTOR = YES;
				GCC_WARN_UNINITIALIZED_AUTOS = YES_AGGRESSIVE;
				GCC_WARN_UNUSED_FUNCTION = YES;
				GCC_WARN_UNUSED_VARIABLE = YES;
				IPHONEOS_DEPLOYMENT_TARGET = 16.0;
				MTL_ENABLE_DEBUG_INFO = NO;
				MTL_FAST_MATH = YES;
				PRODUCT_NAME = "$(TARGET_NAME)";
				SDKROOT = iphoneos;
				SWIFT_COMPILATION_MODE = wholemodule;
				SWIFT_OPTIMIZATION_LEVEL = "-O";
				SWIFT_STRICT_CONCURRENCY = minimal;
				SWIFT_VERSION = 5.9;
			};
			name = Release;
		};
		AE11C7A22C4F4DA17B1064AB /* Debug */ = {
			isa = XCBuildConfiguration;
			buildSettings = {
				ASSETCATALOG_COMPILER_APPICON_NAME = AppIcon;
				CODE_SIGNING_ALLOWED = YES;
				CODE_SIGNING_REQUIRED = YES;
				CODE_SIGN_IDENTITY = "iPhone Developer";
				CODE_SIGN_STYLE = Automatic;
				DEVELOPMENT_TEAM = 2CG772X26Z;
				INFOPLIST_FILE = Info.plist;
				IPHONEOS_DEPLOYMENT_TARGET = 16.0;
				LD_RUNPATH_SEARCH_PATHS = (
					"$(inherited)",
					"@executable_path/Frameworks",
				);
				PRODUCT_BUNDLE_IDENTIFIER = com.lovetrack.app;
				SDKROOT = iphoneos;
				SUPPORTS_MACCATALYST = NO;
				TARGETED_DEVICE_FAMILY = 1;
			};
			name = Debug;
		};
/* End XCBuildConfiguration section */

/* Begin XCConfigurationList section */
		796BDBC9375EE566BE49FE91 /* Build configuration list for PBXNativeTarget "LoveTrack" */ = {
			isa = XCConfigurationList;
			buildConfigurations = (
				AE11C7A22C4F4DA17B1064AB /* Debug */,
				06C47BC201E29B26C7188934 /* Release */,
			);
			defaultConfigurationIsVisible = 0;
			defaultConfigurationName = Debug;
		};
		A4986B8471527BD26855167F /* Build configuration list for PBXProject "LoveTrack" */ = {
			isa = XCConfigurationList;
			buildConfigurations = (
				49B5A73620A9F3544D0639A8 /* Debug */,
				865D61AC327CF81E549D391F /* Release */,
			);
			defaultConfigurationIsVisible = 0;
			defaultConfigurationName = Debug;
		};
/* End XCConfigurationList section */
	};
	rootObject = 21862D02096F5A74D628AEA9 /* Project object */;
}
